
Microsoft Visual Studio Solution File, Format Version 12.00
Project("{FAE04EC0-301F-11D3-BF4B-00C04F79EFBC}") = "TTT", "TTT\TTT.csproj", "{DC377C5A-1266-483D-9430-E047F5AE5337}"
EndProject
Global
	GlobalSection(SolutionConfigurationPlatforms) = preSolution
		Debug|Any CPU = Debug|Any CPU
		Release|Any CPU = Release|Any CPU
	EndGlobalSection
	GlobalSection(ProjectConfigurationPlatforms) = postSolution
		{DC377C5A-1266-483D-9430-E047F5AE5337}.Debug|Any CPU.ActiveCfg = Debug|Any CPU
		{DC377C5A-1266-483D-9430-E047F5AE5337}.Debug|Any CPU.Build.0 = Debug|Any CPU
		{DC377C5A-1266-483D-9430-E047F5AE5337}.Release|Any CPU.ActiveCfg = Release|Any CPU
		{DC377C5A-1266-483D-9430-E047F5AE5337}.Release|Any CPU.Build.0 = Release|Any CPU
	EndGlobalSection
EndGlobal
